// !$*UTF8*$!
{
	archiveVersion = 1;
	classes = {
	};
	objectVersion = 46;
	objects = {

/* Begin PBXBuildFile section */
		53EDE10B1ECDFE7500A01DCE /* AppDelegate.swift in Sources */ = {isa = PBXBuildFile; fileRef = 53EDE10A1ECDFE7500A01DCE /* AppDelegate.swift */; };
		53EDE10D1ECDFE7500A01DCE /* ViewController.swift in Sources */ = {isa = PBXBuildFile; fileRef = 53EDE10C1ECDFE7500A01DCE /* ViewController.swift */; };
		53EDE1101ECDFE7500A01DCE /* Main.storyboard in Resources */ = {isa = PBXBuildFile; fileRef = 53EDE10E1ECDFE7500A01DCE /* Main.storyboard */; };
		53EDE1121ECDFE7500A01DCE /* Assets.xcassets in Resources */ = {isa = PBXBuildFile; fileRef = 53EDE1111ECDFE7500A01DCE /* Assets.xcassets */; };
		53EDE1151ECDFE7500A01DCE /* LaunchScreen.storyboard in Resources */ = {isa = PBXBuildFile; fileRef = 53EDE1131ECDFE7500A01DCE /* LaunchScreen.storyboard */; };
/* End PBXBuildFile section */

/* Begin PBXFileReference section */
		53EDE1071ECDFE7500A01DCE /* FirstBaseline.app */ = {isa = PBXFileReference; explicitFileType = wrapper.application; includeInIndex = 0; path = FirstBaseline.app; sourceTree = BUILT_PRODUCTS_DIR; };
		53EDE10A1ECDFE7500A01DCE /* AppDelegate.swift */ = {isa = PBXFileReference; lastKnownFileType = sourcecode.swift; path = AppDelegate.swift; sourceTree = "<group>"; };
		53EDE10C1ECDFE7500A01DCE /* ViewController.swift */ = {isa = PBXFileReference; lastKnownFileType = sourcecode.swift; path = ViewController.swift; sourceTree = "<group>"; };
		53EDE10F1ECDFE7500A01DCE /* Base */ = {isa = PBXFileReference; lastKnownFileType = file.storyboard; name = Base; path = Base.lproj/Main.storyboard; sourceTree = "<group>"; };
		53EDE1111ECDFE7500A01DCE /* Assets.xcassets */ = {isa = PBXFileReference; lastKnownFileType = folder.assetcatalog; path = Assets.xcassets; sourceTree = "<group>"; };
		53EDE1141ECDFE7500A01DCE /* Base */ = {isa = PBXFileReference; lastKnownFileType = file.storyboard; name = Base; path = Base.lproj/LaunchScreen.storyboard; sourceTree = "<group>"; };
		53EDE1161ECDFE7500A01DCE /* Info.plist */ = {isa = PBXFileReference; lastKnownFileType = text.plist.xml; path = Info.plist; sourceTree = "<group>"; };
/* End PBXFileReference section */

/* Begin PBXFrameworksBuildPhase section */
		53EDE1041ECDFE7500A01DCE /* Frameworks */ = {
			isa = PBXFrameworksBuildPhase;
			buildActionMask = 2147483647;
			files = (
			);
			runOnlyForDeploymentPostprocessing = 0;
		};
/* End PBXFrameworksBuildPhase section */

/* Begin PBXGroup section */
		53EDE0FE1ECDFE7500A01DCE = {
			isa = PBXGroup;
			children = (
				53EDE1091ECDFE7500A01DCE /* FirstBaseline */,
				53EDE1081ECDFE7500A01DCE /* Products */,
			);
			sourceTree = "<group>";
		};
		53EDE1081ECDFE7500A01DCE /* Products */ = {
			isa = PBXGroup;
			children = (
				53EDE1071ECDFE7500A01DCE /* FirstBaseline.app */,
			);
			name = Products;
			sourceTree = "<group>";
		};
		53EDE1091ECDFE7500A01DCE /* FirstBaseline */ = {
			isa = PBXGroup;
			children = (
				53EDE10A1ECDFE7500A01DCE /* AppDelegate.swift */,
				53EDE10C1ECDFE7500A01DCE /* ViewController.swift */,
				53EDE10E1ECDFE7500A01DCE /* Main.storyboard */,
				53EDE1111ECDFE7500A01DCE /* Assets.xcassets */,
				53EDE1131ECDFE7500A01DCE /* LaunchScreen.storyboard */,
				53EDE1161ECDFE7500A01DCE /* Info.plist */,
			);
			path = FirstBaseline;
			sourceTree = "<group>";
		};
/* End PBXGroup section */

/* Begin PBXNativeTarget section */
		53EDE1061ECDFE7500A01DCE /* FirstBaseline */ = {
			isa = PBXNativeTarget;
			buildConfigurationList = 53EDE1191ECDFE7500A01DCE /* Build configuration list for PBXNativeTarget "FirstBaseline" */;
			buildPhases = (
				53EDE1031ECDFE7500A01DCE /* Sources */,
				53EDE1041ECDFE7500A01DCE /* Frameworks */,
				53EDE1051ECDFE7500A01DCE /* Resources */,
			);
			buildRules = (
			);
			dependencies = (
			);
			name = FirstBaseline;
			productName = FirstBaseline;
			productReference = 53EDE1071ECDFE7500A01DCE /* FirstBaseline.app */;
			productType = "com.apple.product-type.application";
		};
/* End PBXNativeTarget section */

/* Begin PBXProject section */
		53EDE0FF1ECDFE7500A01DCE /* Project object */ = {
			isa = PBXProject;
			attributes = {
				LastSwiftUpdateCheck = 0830;
				LastUpgradeCheck = 1200;
				ORGANIZATIONNAME = "Keith Harrison";
				TargetAttributes = {
					53EDE1061ECDFE7500A01DCE = {
						CreatedOnToolsVersion = 8.3.2;
						DevelopmentTeam = LCC2J94N44;
						LastSwiftMigration = 1020;
						ProvisioningStyle = Automatic;
					};
				};
			};
			buildConfigurationList = 53EDE1021ECDFE7500A01DCE /* Build configuration list for PBXProject "FirstBaseline" */;
			compatibilityVersion = "Xcode 3.2";
			developmentRegion = en;
			hasScannedForEncodings = 0;
			knownRegions = (
				en,
				Base,
			);
			mainGroup = 53EDE0FE1ECDFE7500A01DCE;
			productRefGroup = 53EDE1081ECDFE7500A01DCE /* Products */;
			projectDirPath = "";
			projectRoot = "";
			targets = (
				53EDE1061ECDFE7500A01DCE /* FirstBaseline */,
			);
		};
/* End PBXProject section */

/* Begin PBXResourcesBuildPhase section */
		53EDE1051ECDFE7500A01DCE /* Resources */ = {
			isa = PBXResourcesBuildPhase;
			buildActionMask = 2147483647;
			files = (
				53EDE1151ECDFE7500A01DCE /* LaunchScreen.storyboard in Resources */,
				53EDE1121ECDFE7500A01DCE /* Assets.xcassets in Resources */,
				53EDE1101ECDFE7500A01DCE /* Main.storyboard in Resources */,
			);
			runOnlyForDeploymentPostprocessing = 0;
		};
/* End PBXResourcesBuildPhase section */

/* Begin PBXSourcesBuildPhase section */
		53EDE1031ECDFE7500A01DCE /* Sources */ = {
			isa = PBXSourcesBuildPhase;
			buildActionMask = 2147483647;
			files = (
				53EDE10D1ECDFE7500A01DCE /* ViewController.swift in Sources */,
				53EDE10B1ECDFE7500A01DCE /* AppDelegate.swift in Sources */,
			);
			runOnlyForDeploymentPostprocessing = 0;
		};
/* End PBXSourcesBuildPhase section */

/* Begin PBXVariantGroup section */
		53EDE10E1ECDFE7500A01DCE /* Main.storyboard */ = {
			isa = PBXVariantGroup;
			children = (
				53EDE10F1ECDFE7500A01DCE /* Base */,
			);
			name = Main.storyboard;
			sourceTree = "<group>";
		};
		53EDE1131ECDFE7500A01DCE /* LaunchScreen.storyboard */ = {
			isa = PBXVariantGroup;
			children = (
				53EDE1141ECDFE7500A01DCE /* Base */,
			);
			name = LaunchScreen.storyboard;
			sourceTree = "<group>";
		};
/* End PBXVariantGroup section */

/* Begin XCBuildConfiguration section */
		53EDE1171ECDFE7500A01DCE /* Debug */ = {
			isa = XCBuildConfiguration;
			buildSettings = {
				ALWAYS_SEARCH_USER_PATHS = NO;
				CLANG_ANALYZER_LOCALIZABILITY_NONLOCALIZED = YES;
				CLANG_ANALYZER_NONNULL = YES;
				CLANG_ANALYZER_NUMBER_OBJECT_CONVERSION = YES_AGGRESSIVE;
				CLANG_CXX_LANGUAGE_STANDARD = "gnu++0x";
				CLANG_CXX_LIBRARY = "libc++";
				CLANG_ENABLE_MODULES = YES;
				CLANG_ENABLE_OBJC_ARC = YES;
				CLANG_WARN_BLOCK_CAPTURE_AUTORELEASING = YES;
				CLANG_WARN_BOOL_CONVERSION = YES;
				CLANG_WARN_COMMA = YES;
				CLANG_WARN_CONSTANT_CONVERSION = YES;
				CLANG_WARN_DEPRECATED_OBJC_IMPLEMENTATIONS = YES;
				CLANG_WARN_DIRECT_OBJC_ISA_USAGE = YES_ERROR;
				CLANG_WARN_DOCUMENTATION_COMMENTS = YES;
				CLANG_WARN_EMPTY_BODY = YES;
				CLANG_WARN_ENUM_CONVERSION = YES;
				CLANG_WARN_INFINITE_RECURSION = YES;
				CLANG_WARN_INT_CONVERSION = YES;
				CLANG_WARN_NON_LITERAL_NULL_CONVERSION = YES;
				CLANG_WARN_OBJC_IMPLICIT_RETAIN_SELF = YES;
				CLANG_WARN_OBJC_LITERAL_CONVERSION = YES;
				CLANG_WARN_OBJC_ROOT_CLASS = YES_ERROR;
				CLANG_WARN_QUOTED_INCLUDE_IN_FRAMEWORK_HEADER = YES;
				CLANG_WARN_RANGE_LOOP_ANALYSIS = YES;
				CLANG_WARN_STRICT_PROTOTYPES = YES;
				CLANG_WARN_SUSPICIOUS_MOVE = YES;
				CLANG_WARN_UNREACHABLE_CODE = YES;
				CLANG_WARN__DUPLICATE_METHOD_MATCH = YES;
				"CODE_SIGN_IDENTITY[sdk=iphoneos*]" = "iPhone Developer";
				COPY_PHASE_STRIP = NO;
				DEBUG_INFORMATION_FORMAT = dwarf;
				ENABLE_STRICT_OBJC_MSGSEND = YES;
				ENABLE_TESTABILITY = YES;
				GCC_C_LANGUAGE_STANDARD = gnu99;
				GCC_DYNAMIC_NO_PIC = NO;
				GCC_NO_COMMON_BLOCKS = YES;
				GCC_OPTIMIZATION_LEVEL = 0;
				GCC_PREPROCESSOR_DEFINITIONS = (
					"DEBUG=1",
					"$(inherited)",
				);
				GCC_WARN_64_TO_32_BIT_CONVERSION = YES;
				GCC_WARN_ABOUT_RETURN_TYPE = YES_ERROR;
				GCC_WARN_UNDECLARED_SELECTOR = YES;
				GCC_WARN_UNINITIALIZED_AUTOS = YES_AGGRESSIVE;
				GCC_WARN_UNUSED_FUNCTION = YES;
				GCC_WARN_UNUSED_VARIABLE = YES;
				IPHONEOS_DEPLOYMENT_TARGET = 12.0;
				MTL_ENABLE_DEBUG_INFO = YES;
				ONLY_ACTIVE_ARCH = YES;
				SDKROOT = iphoneos;
				SWIFT_ACTIVE_COMPILATION_CONDITIONS = DEBUG;
				SWIFT_OPTIMIZATION_LEVEL = "-Onone";
				TARGETED_DEVICE_FAMILY = "1,2";
			};
			name = Debug;
		};
		53EDE1181ECDFE7500A01DCE /* Release */ = {
			isa = XCBuildConfiguration;
			buildSettings = {
				ALWAYS_SEARCH_USER_PATHS = NO;
				CLANG_ANALYZER_LOCALIZABILITY_NONLOCALIZED = YES;
				CLANG_ANALYZER_NONNULL = YES;
				CLANG_ANALYZER_NUMBER_OBJECT_CONVERSION = YES_AGGRESSIVE;
				CLANG_CXX_LANGUAGE_STANDARD = "gnu++0x";
				CLANG_CXX_LIBRARY = "libc++";
				CLANG_ENABLE_MODULES = YES;
				CLANG_ENABLE_OBJC_ARC = YES;
				CLANG_WARN_BLOCK_CAPTURE_AUTORELEASING = YES;
				CLANG_WARN_BOOL_CONVERSION = YES;
				CLANG_WARN_COMMA = YES;
				CLANG_WARN_CONSTANT_CONVERSION = YES;
				CLANG_WARN_DEPRECATED_OBJC_IMPLEMENTATIONS = YES;
				CLANG_WARN_DIRECT_OBJC_ISA_USAGE = YES_ERROR;
				CLANG_WARN_DOCUMENTATION_COMMENTS = YES;
				CLANG_WARN_EMPTY_BODY = YES;
				CLANG_WARN_ENUM_CONVERSION = YES;
				CLANG_WARN_INFINITE_RECURSION = YES;
				CLANG_WARN_INT_CONVERSION = YES;
				CLANG_WARN_NON_LITERAL_NULL_CONVERSION = YES;
				CLANG_WARN_OBJC_IMPLICIT_RETAIN_SELF = YES;
				CLANG_WARN_OBJC_LITERAL_CONVERSION = YES;
				CLANG_WARN_OBJC_ROOT_CLASS = YES_ERROR;
				CLANG_WARN_QUOTED_INCLUDE_IN_FRAMEWORK_HEADER = YES;
				CLANG_WARN_RANGE_LOOP_ANALYSIS = YES;
				CLANG_WARN_STRICT_PROTOTYPES = YES;
				CLANG_WARN_SUSPICIOUS_MOVE = YES;
				CLANG_WARN_UNREACHABLE_CODE = YES;
				CLANG_WARN__DUPLICATE_METHOD_MATCH = YES;
				"CODE_SIGN_IDENTITY[sdk=iphoneos*]" = "iPhone Developer";
				COPY_PHASE_STRIP = NO;
				DEBUG_INFORMATION_FORMAT = "dwarf-with-dsym";
				ENABLE_NS_ASSERTIONS = NO;
				ENABLE_STRICT_OBJC_MSGSEND = YES;
				GCC_C_LANGUAGE_STANDARD = gnu99;
				GCC_NO_COMMON_BLOCKS = YES;
				GCC_WARN_64_TO_32_BIT_CONVERSION = YES;
				GCC_WARN_ABOUT_RETURN_TYPE = YES_ERROR;
				GCC_WARN_UNDECLARED_SELECTOR = YES;
				GCC_WARN_UNINITIALIZED_AUTOS = YES_AGGRESSIVE;
				GCC_WARN_UNUSED_FUNCTION = YES;
				GCC_WARN_UNUSED_VARIABLE = YES;
				IPHONEOS_DEPLOYMENT_TARGET = 12.0;
				MTL_ENABLE_DEBUG_INFO = NO;
				SDKROOT = iphoneos;
				SWIFT_OPTIMIZATION_LEVEL = "-Owholemodule";
				TARGETED_DEVICE_FAMILY = "1,2";
				VALIDATE_PRODUCT = YES;
			};
			name = Release;
		};
		53EDE11A1ECDFE7500A01DCE /* Debug */ = {
			isa = XCBuildConfiguration;
			buildSettings = {
				ASSETCATALOG_COMPILER_APPICON_NAME = AppIcon;
				DEVELOPMENT_TEAM = LCC2J94N44;
				INFOPLIST_FILE = FirstBaseline/Info.plist;
				LD_RUNPATH_SEARCH_PATHS = "$(inherited) @executable_path/Frameworks";
				PRODUCT_BUNDLE_IDENTIFIER = com.useyourloaf.FirstBaseline;
				PRODUCT_NAME = "$(TARGET_NAME)";
				SWIFT_VERSION = 5.0;
			};
			name = Debug;
		};
		53EDE11B1ECDFE7500A01DCE /* Release */ = {
			isa = XCBuildConfiguration;
			buildSettings = {
				ASSETCATALOG_COMPILER_APPICON_NAME = AppIcon;
				DEVELOPMENT_TEAM = LCC2J94N44;
				INFOPLIST_FILE = FirstBaseline/Info.plist;
				LD_RUNPATH_SEARCH_PATHS = "$(inherited) @executable_path/Frameworks";
				PRODUCT_BUNDLE_IDENTIFIER = com.useyourloaf.FirstBaseline;
				PRODUCT_NAME = "$(TARGET_NAME)";
				SWIFT_VERSION = 5.0;
			};
			name = Release;
		};
/* End XCBuildConfiguration section */

/* Begin XCConfigurationList section */
		53EDE1021ECDFE7500A01DCE /* Build configuration list for PBXProject "FirstBaseline" */ = {
			isa = XCConfigurationList;
			buildConfigurations = (
				53EDE1171ECDFE7500A01DCE /* Debug */,
				53EDE1181ECDFE7500A01DCE /* Release */,
			);
			defaultConfigurationIsVisible = 0;
			defaultConfigurationName = Release;
		};
		53EDE1191ECDFE7500A01DCE /* Build configuration list for PBXNativeTarget "FirstBaseline" */ = {
			isa = XCConfigurationList;
			buildConfigurations = (
				53EDE11A1ECDFE7500A01DCE /* Debug */,
				53EDE11B1ECDFE7500A01DCE /* Release */,
			);
			defaultConfigurationIsVisible = 0;
			defaultConfigurationName = Release;
		};
/* End XCConfigurationList section */
	};
	rootObject = 53EDE0FF1ECDFE7500A01DCE /* Project object */;
}
